
Microsoft Visual Studio Solution File, Format Version 12.00
# Visual Studio 15
VisualStudioVersion = 15.0.28307.168
MinimumVisualStudioVersion = 10.0.40219.1
Project("{FAE04EC0-301F-11D3-BF4B-00C04F79EFBC}") = "CraigslistQuery", "ConsoleApp3\CraigslistQuery.csproj", "{C58185C7-E3B0-41C7-84EF-96B774268376}"
EndProject
Global
	GlobalSection(SolutionConfigurationPlatforms) = preSolution
		Debug|Any CPU = Debug|Any CPU
		Release|Any CPU = Release|Any CPU
	EndGlobalSection
	GlobalSection(ProjectConfigurationPlatforms) = postSolution
		{C58185C7-E3B0-41C7-84EF-96B774268376}.Debug|Any CPU.ActiveCfg = Debug|Any CPU
		{C58185C7-E3B0-41C7-84EF-96B774268376}.Debug|Any CPU.Build.0 = Debug|Any CPU
		{C58185C7-E3B0-41C7-84EF-96B774268376}.Release|Any CPU.ActiveCfg = Release|Any CPU
		{C58185C7-E3B0-41C7-84EF-96B774268376}.Release|Any CPU.Build.0 = Release|Any CPU
	EndGlobalSection
	GlobalSection(SolutionProperties) = preSolution
		HideSolutionNode = FALSE
	EndGlobalSection
	GlobalSection(ExtensibilityGlobals) = postSolution
		SolutionGuid = {59CE7320-D6E0-450E-91EC-331052C977D5}
	EndGlobalSection
EndGlobal
